
Microsoft Visual Studio Solution File, Format Version 12.00
# Visual Studio 14
VisualStudioVersion = 14.0.23107.0
MinimumVisualStudioVersion = 10.0.40219.1
Project("{FAE04EC0-301F-11D3-BF4B-00C04F79EFBC}") = "First_Demo", "First_Demo\First_Demo.csproj", "{4FAF8DE7-8B56-4433-BFEF-C9230ADC79E1}"
EndProject
Project("{FAE04EC0-301F-11D3-BF4B-00C04F79EFBC}") = "Eg2_1", "Eg2_1\Eg2_1.csproj", "{3CCEA505-DFFE-4EB4-87CE-8FB219B0B820}"
EndProject
Project("{FAE04EC0-301F-11D3-BF4B-00C04F79EFBC}") = "Eg2_2", "Eg2_2\Eg2_2.csproj", "{AE54046E-121C-402A-837C-2B21473A7937}"
EndProject
Project("{FAE04EC0-301F-11D3-BF4B-00C04F79EFBC}") = "Eg2_3", "Eg2_3\Eg2_3.csproj", "{EE66E7AC-295E-4F7B-8AF9-37B4D1A37348}"
EndProject
Project("{FAE04EC0-301F-11D3-BF4B-00C04F79EFBC}") = "Eg2_4", "Eg2_4\Eg2_4.csproj", "{5A81C773-571A-4C1A-BE24-DC4DAD6579E6}"
EndProject
Project("{FAE04EC0-301F-11D3-BF4B-00C04F79EFBC}") = "Eg2_5", "Eg2_5\Eg2_5.csproj", "{76E14865-D0F3-44DA-A7F8-3355C6D28C86}"
EndProject
Project("{FAE04EC0-301F-11D3-BF4B-00C04F79EFBC}") = "Eg3_1", "Eg3_1\Eg3_1.csproj", "{B4AC5FFE-6A26-4E86-9FD0-B8443C2F965D}"
EndProject
Project("{FAE04EC0-301F-11D3-BF4B-00C04F79EFBC}") = "Eg3_2", "Eg3_2\Eg3_2.csproj", "{FFF9080D-3429-4D9A-8107-C5C88060363E}"
EndProject
Project("{FAE04EC0-301F-11D3-BF4B-00C04F79EFBC}") = "NoteTaking", "NoteTaking\NoteTaking.csproj", "{17B729E0-D6A4-4871-9335-E9080343CFE7}"
EndProject
Project("{FAE04EC0-301F-11D3-BF4B-00C04F79EFBC}") = "Eg3_3", "Eg3_3\Eg3_3.csproj", "{5C22EF13-B59A-4C3E-8257-40405526FF16}"
EndProject
Project("{FAE04EC0-301F-11D3-BF4B-00C04F79EFBC}") = "Eg3_4", "Eg3_4\Eg3_4.csproj", "{F5CD6FB6-22B2-496A-93B6-2F3A43775DE8}"
EndProject
Global
	GlobalSection(SolutionConfigurationPlatforms) = preSolution
		Debug|Any CPU = Debug|Any CPU
		Release|Any CPU = Release|Any CPU
	EndGlobalSection
	GlobalSection(ProjectConfigurationPlatforms) = postSolution
		{4FAF8DE7-8B56-4433-BFEF-C9230ADC79E1}.Debug|Any CPU.ActiveCfg = Debug|Any CPU
		{4FAF8DE7-8B56-4433-BFEF-C9230ADC79E1}.Debug|Any CPU.Build.0 = Debug|Any CPU
		{4FAF8DE7-8B56-4433-BFEF-C9230ADC79E1}.Release|Any CPU.ActiveCfg = Release|Any CPU
		{4FAF8DE7-8B56-4433-BFEF-C9230ADC79E1}.Release|Any CPU.Build.0 = Release|Any CPU
		{3CCEA505-DFFE-4EB4-87CE-8FB219B0B820}.Debug|Any CPU.ActiveCfg = Debug|Any CPU
		{3CCEA505-DFFE-4EB4-87CE-8FB219B0B820}.Debug|Any CPU.Build.0 = Debug|Any CPU
		{3CCEA505-DFFE-4EB4-87CE-8FB219B0B820}.Release|Any CPU.ActiveCfg = Release|Any CPU
		{3CCEA505-DFFE-4EB4-87CE-8FB219B0B820}.Release|Any CPU.Build.0 = Release|Any CPU
		{AE54046E-121C-402A-837C-2B21473A7937}.Debug|Any CPU.ActiveCfg = Debug|Any CPU
		{AE54046E-121C-402A-837C-2B21473A7937}.Debug|Any CPU.Build.0 = Debug|Any CPU
		{AE54046E-121C-402A-837C-2B21473A7937}.Release|Any CPU.ActiveCfg = Release|Any CPU
		{AE54046E-121C-402A-837C-2B21473A7937}.Release|Any CPU.Build.0 = Release|Any CPU
		{EE66E7AC-295E-4F7B-8AF9-37B4D1A37348}.Debug|Any CPU.ActiveCfg = Debug|Any CPU
		{EE66E7AC-295E-4F7B-8AF9-37B4D1A37348}.Debug|Any CPU.Build.0 = Debug|Any CPU
		{EE66E7AC-295E-4F7B-8AF9-37B4D1A37348}.Release|Any CPU.ActiveCfg = Release|Any CPU
		{EE66E7AC-295E-4F7B-8AF9-37B4D1A37348}.Release|Any CPU.Build.0 = Release|Any CPU
		{5A81C773-571A-4C1A-BE24-DC4DAD6579E6}.Debug|Any CPU.ActiveCfg = Debug|Any CPU
		{5A81C773-571A-4C1A-BE24-DC4DAD6579E6}.Debug|Any CPU.Build.0 = Debug|Any CPU
		{5A81C773-571A-4C1A-BE24-DC4DAD6579E6}.Release|Any CPU.ActiveCfg = Release|Any CPU
		{5A81C773-571A-4C1A-BE24-DC4DAD6579E6}.Release|Any CPU.Build.0 = Release|Any CPU
		{76E14865-D0F3-44DA-A7F8-3355C6D28C86}.Debug|Any CPU.ActiveCfg = Debug|Any CPU
		{76E14865-D0F3-44DA-A7F8-3355C6D28C86}.Debug|Any CPU.Build.0 = Debug|Any CPU
		{76E14865-D0F3-44DA-A7F8-3355C6D28C86}.Release|Any CPU.ActiveCfg = Release|Any CPU
		{76E14865-D0F3-44DA-A7F8-3355C6D28C86}.Release|Any CPU.Build.0 = Release|Any CPU
		{B4AC5FFE-6A26-4E86-9FD0-B8443C2F965D}.Debug|Any CPU.ActiveCfg = Debug|Any CPU
		{B4AC5FFE-6A26-4E86-9FD0-B8443C2F965D}.Debug|Any CPU.Build.0 = Debug|Any CPU
		{B4AC5FFE-6A26-4E86-9FD0-B8443C2F965D}.Release|Any CPU.ActiveCfg = Release|Any CPU
		{B4AC5FFE-6A26-4E86-9FD0-B8443C2F965D}.Release|Any CPU.Build.0 = Release|Any CPU
		{FFF9080D-3429-4D9A-8107-C5C88060363E}.Debug|Any CPU.ActiveCfg = Debug|Any CPU
		{FFF9080D-3429-4D9A-8107-C5C88060363E}.Debug|Any CPU.Build.0 = Debug|Any CPU
		{FFF9080D-3429-4D9A-8107-C5C88060363E}.Release|Any CPU.ActiveCfg = Release|Any CPU
		{FFF9080D-3429-4D9A-8107-C5C88060363E}.Release|Any CPU.Build.0 = Release|Any CPU
		{17B729E0-D6A4-4871-9335-E9080343CFE7}.Debug|Any CPU.ActiveCfg = Debug|Any CPU
		{17B729E0-D6A4-4871-9335-E9080343CFE7}.Debug|Any CPU.Build.0 = Debug|Any CPU
		{17B729E0-D6A4-4871-9335-E9080343CFE7}.Release|Any CPU.ActiveCfg = Release|Any CPU
		{17B729E0-D6A4-4871-9335-E9080343CFE7}.Release|Any CPU.Build.0 = Release|Any CPU
		{5C22EF13-B59A-4C3E-8257-40405526FF16}.Debug|Any CPU.ActiveCfg = Debug|Any CPU
		{5C22EF13-B59A-4C3E-8257-40405526FF16}.Debug|Any CPU.Build.0 = Debug|Any CPU
		{5C22EF13-B59A-4C3E-8257-40405526FF16}.Release|Any CPU.ActiveCfg = Release|Any CPU
		{5C22EF13-B59A-4C3E-8257-40405526FF16}.Release|Any CPU.Build.0 = Release|Any CPU
		{F5CD6FB6-22B2-496A-93B6-2F3A43775DE8}.Debug|Any CPU.ActiveCfg = Debug|Any CPU
		{F5CD6FB6-22B2-496A-93B6-2F3A43775DE8}.Debug|Any CPU.Build.0 = Debug|Any CPU
		{F5CD6FB6-22B2-496A-93B6-2F3A43775DE8}.Release|Any CPU.ActiveCfg = Release|Any CPU
		{F5CD6FB6-22B2-496A-93B6-2F3A43775DE8}.Release|Any CPU.Build.0 = Release|Any CPU
	EndGlobalSection
	GlobalSection(SolutionProperties) = preSolution
		HideSolutionNode = FALSE
	EndGlobalSection
EndGlobal
